<Solution>
  <Project Path="BuildAndHire.API/BuildAndHire.API.csproj"/>
  <Project Path="BuildAndHire.Application/BuildAndHire.Application.csproj"/>
  <Project Path="BuildAndHire.Infrastructure/BuildAndHire.Infrastructure.csproj"/>
  <Project Path="BuildAndHire.Domain/BuildAndHire.Domain.csproj"/>
  <Project Path="GlobalUsings/GlobalUsings.csproj"/>
</Solution>